
Microsoft Visual Studio Solution File, Format Version 12.00
# Visual Studio Version 16
VisualStudioVersion = 16.0.30907.101
MinimumVisualStudioVersion = 10.0.40219.1
Project("{FAE04EC0-301F-11D3-BF4B-00C04F79EFBC}") = "Business", "Business\Business.csproj", "{D6824E24-8CAB-42F8-BC4E-7BBAE658EA1F}"
EndProject
Project("{FAE04EC0-301F-11D3-BF4B-00C04F79EFBC}") = "DataAccess", "DataAccess\DataAccess.csproj", "{3C3E47DE-E2F4-4309-A569-9FC1A3466232}"
EndProject
Project("{FAE04EC0-301F-11D3-BF4B-00C04F79EFBC}") = "Entities", "Entities\Entities.csproj", "{30C24A21-240E-4864-9A39-94F7E9BD3690}"
EndProject
Project("{FAE04EC0-301F-11D3-BF4B-00C04F79EFBC}") = "ConsoleUI", "ConsoleUI\ConsoleUI.csproj", "{012074EC-F4AB-4E27-B507-813BC2FA5ECF}"
EndProject
Global
	GlobalSection(SolutionConfigurationPlatforms) = preSolution
		Debug|Any CPU = Debug|Any CPU
		Release|Any CPU = Release|Any CPU
	EndGlobalSection
	GlobalSection(ProjectConfigurationPlatforms) = postSolution
		{D6824E24-8CAB-42F8-BC4E-7BBAE658EA1F}.Debug|Any CPU.ActiveCfg = Debug|Any CPU
		{D6824E24-8CAB-42F8-BC4E-7BBAE658EA1F}.Debug|Any CPU.Build.0 = Debug|Any CPU
		{D6824E24-8CAB-42F8-BC4E-7BBAE658EA1F}.Release|Any CPU.ActiveCfg = Release|Any CPU
		{D6824E24-8CAB-42F8-BC4E-7BBAE658EA1F}.Release|Any CPU.Build.0 = Release|Any CPU
		{3C3E47DE-E2F4-4309-A569-9FC1A3466232}.Debug|Any CPU.ActiveCfg = Debug|Any CPU
		{3C3E47DE-E2F4-4309-A569-9FC1A3466232}.Debug|Any CPU.Build.0 = Debug|Any CPU
		{3C3E47DE-E2F4-4309-A569-9FC1A3466232}.Release|Any CPU.ActiveCfg = Release|Any CPU
		{3C3E47DE-E2F4-4309-A569-9FC1A3466232}.Release|Any CPU.Build.0 = Release|Any CPU
		{30C24A21-240E-4864-9A39-94F7E9BD3690}.Debug|Any CPU.ActiveCfg = Debug|Any CPU
		{30C24A21-240E-4864-9A39-94F7E9BD3690}.Debug|Any CPU.Build.0 = Debug|Any CPU
		{30C24A21-240E-4864-9A39-94F7E9BD3690}.Release|Any CPU.ActiveCfg = Release|Any CPU
		{30C24A21-240E-4864-9A39-94F7E9BD3690}.Release|Any CPU.Build.0 = Release|Any CPU
		{012074EC-F4AB-4E27-B507-813BC2FA5ECF}.Debug|Any CPU.ActiveCfg = Debug|Any CPU
		{012074EC-F4AB-4E27-B507-813BC2FA5ECF}.Debug|Any CPU.Build.0 = Debug|Any CPU
		{012074EC-F4AB-4E27-B507-813BC2FA5ECF}.Release|Any CPU.ActiveCfg = Release|Any CPU
		{012074EC-F4AB-4E27-B507-813BC2FA5ECF}.Release|Any CPU.Build.0 = Release|Any CPU
	EndGlobalSection
	GlobalSection(SolutionProperties) = preSolution
		HideSolutionNode = FALSE
	EndGlobalSection
	GlobalSection(ExtensibilityGlobals) = postSolution
		SolutionGuid = {D3ED84F4-89CD-4DA6-A1CE-E6796FF657F5}
	EndGlobalSection
EndGlobal
